
Microsoft Visual Studio Solution File, Format Version 12.00
# Visual Studio 2013
VisualStudioVersion = 12.0.21005.1
MinimumVisualStudioVersion = 10.0.40219.1
Project("{F184B08F-C81C-45F6-A57F-5ABD9991F28F}") = "FactuGasWeb", "FactuGasWeb.vbproj", "{1BD8D61D-FD5B-4D11-9140-2399C6FCA0F7}"
EndProject
Project("{2150E333-8FDC-42A3-9474-1A3956D46DE8}") = "Solution Items", "Solution Items", "{6498A21A-15C2-47FD-A5E8-D03FFFBFC46C}"
	ProjectSection(SolutionItems) = preProject
		Logo.jpg = Logo.jpg
		TotalV.jpg = TotalV.jpg
	EndProjectSection
EndProject
Project("{F184B08F-C81C-45F6-A57F-5ABD9991F28F}") = "ModuloVbNet", "..\ClassLibrary1\ModuloVbNet.vbproj", "{0DE1F107-DB86-456D-B1C3-5044E8457829}"
EndProject
Global
	GlobalSection(SolutionConfigurationPlatforms) = preSolution
		Debug|Any CPU = Debug|Any CPU
		Release|Any CPU = Release|Any CPU
	EndGlobalSection
	GlobalSection(ProjectConfigurationPlatforms) = postSolution
		{1BD8D61D-FD5B-4D11-9140-2399C6FCA0F7}.Debug|Any CPU.ActiveCfg = Debug|Any CPU
		{1BD8D61D-FD5B-4D11-9140-2399C6FCA0F7}.Debug|Any CPU.Build.0 = Debug|Any CPU
		{1BD8D61D-FD5B-4D11-9140-2399C6FCA0F7}.Release|Any CPU.ActiveCfg = Release|Any CPU
		{1BD8D61D-FD5B-4D11-9140-2399C6FCA0F7}.Release|Any CPU.Build.0 = Release|Any CPU
		{0DE1F107-DB86-456D-B1C3-5044E8457829}.Debug|Any CPU.ActiveCfg = Debug|Any CPU
		{0DE1F107-DB86-456D-B1C3-5044E8457829}.Debug|Any CPU.Build.0 = Debug|Any CPU
		{0DE1F107-DB86-456D-B1C3-5044E8457829}.Release|Any CPU.ActiveCfg = Release|Any CPU
		{0DE1F107-DB86-456D-B1C3-5044E8457829}.Release|Any CPU.Build.0 = Release|Any CPU
	EndGlobalSection
	GlobalSection(SolutionProperties) = preSolution
		HideSolutionNode = FALSE
	EndGlobalSection
EndGlobal
